// !$*UTF8*$!
{
	archiveVersion = 1;
	classes = {
	};
	objectVersion = 51;
	objects = {

/* Begin PBXBuildFile section */
		132D805A040E8BB029207AAD /* Pods_Astek_Entretien.framework in Frameworks */ = {isa = PBXBuildFile; fileRef = 8DD6EAB6DFB39584E463660C /* Pods_Astek_Entretien.framework */; };
		6E15287F238E7E3F0031B43F /* SkillEvaluationViewController.swift in Sources */ = {isa = PBXBuildFile; fileRef = 6E15287E238E7E3F0031B43F /* SkillEvaluationViewController.swift */; };
		6E152881238EBB520031B43F /* FutureTargetEvaluationViewController.swift in Sources */ = {isa = PBXBuildFile; fileRef = 6E152880238EBB520031B43F /* FutureTargetEvaluationViewController.swift */; };
		6E152884238EC67F0031B43F /* ShortEvolutionViewController.swift in Sources */ = {isa = PBXBuildFile; fileRef = 6E152883238EC67F0031B43F /* ShortEvolutionViewController.swift */; };
		6E152886238EC6BB0031B43F /* MediumEvolutionViewController.swift in Sources */ = {isa = PBXBuildFile; fileRef = 6E152885238EC6BB0031B43F /* MediumEvolutionViewController.swift */; };
		6E152888238EC6CC0031B43F /* LongEvolutionViewController.swift in Sources */ = {isa = PBXBuildFile; fileRef = 6E152887238EC6CC0031B43F /* LongEvolutionViewController.swift */; };
		6E68CB1E2386BE3E004E3B61 /* EmployeeAppreciationViewController.swift in Sources */ = {isa = PBXBuildFile; fileRef = 6E68CB1D2386BE3E004E3B61 /* EmployeeAppreciationViewController.swift */; };
		6E68CB202386CAFD004E3B61 /* ManagerAppreciationViewController.swift in Sources */ = {isa = PBXBuildFile; fileRef = 6E68CB1F2386CAFD004E3B61 /* ManagerAppreciationViewController.swift */; };
		6E68CB222386D8EC004E3B61 /* TargetEvaluationViewController.swift in Sources */ = {isa = PBXBuildFile; fileRef = 6E68CB212386D8EC004E3B61 /* TargetEvaluationViewController.swift */; };
		6E7681FE238BCDC400998CCB /* TechnicalSkillViewController.swift in Sources */ = {isa = PBXBuildFile; fileRef = 6E7681FD238BCDC400998CCB /* TechnicalSkillViewController.swift */; };
		6E768200238C291800998CCB /* ProfessionSkillViewController.swift in Sources */ = {isa = PBXBuildFile; fileRef = 6E7681FF238C291800998CCB /* ProfessionSkillViewController.swift */; };
		6E768202238C34FF00998CCB /* FunctionalSkillViewController.swift in Sources */ = {isa = PBXBuildFile; fileRef = 6E768201238C34FF00998CCB /* FunctionalSkillViewController.swift */; };
		6E768204238D17A100998CCB /* SkillUtil.swift in Sources */ = {isa = PBXBuildFile; fileRef = 6E768203238D17A100998CCB /* SkillUtil.swift */; };
		6E768206238D32B200998CCB /* ManagerialSkillViewController.swift in Sources */ = {isa = PBXBuildFile; fileRef = 6E768205238D32B200998CCB /* ManagerialSkillViewController.swift */; };
		6E768209238D39FB00998CCB /* AutonomousSkillViewController.swift in Sources */ = {isa = PBXBuildFile; fileRef = 6E768208238D39FB00998CCB /* AutonomousSkillViewController.swift */; };
		6E76820B238D639B00998CCB /* AdaptabilitySkillViewController.swift in Sources */ = {isa = PBXBuildFile; fileRef = 6E76820A238D639B00998CCB /* AdaptabilitySkillViewController.swift */; };
		6E76820D238D643400998CCB /* TeamWorkViewController.swift in Sources */ = {isa = PBXBuildFile; fileRef = 6E76820C238D643400998CCB /* TeamWorkViewController.swift */; };
		6E76820F238D644100998CCB /* CreativitySkillViewController.swift in Sources */ = {isa = PBXBuildFile; fileRef = 6E76820E238D644100998CCB /* CreativitySkillViewController.swift */; };
		6E768211238D7F1D00998CCB /* CommunicationSkillViewController.swift in Sources */ = {isa = PBXBuildFile; fileRef = 6E768210238D7F1D00998CCB /* CommunicationSkillViewController.swift */; };
		6E768213238D7F5A00998CCB /* RespectSkillViewController.swift in Sources */ = {isa = PBXBuildFile; fileRef = 6E768212238D7F5A00998CCB /* RespectSkillViewController.swift */; };
		6E768215238D7FFF00998CCB /* RigourSkillViewController.swift in Sources */ = {isa = PBXBuildFile; fileRef = 6E768214238D7FFF00998CCB /* RigourSkillViewController.swift */; };
		6E768217238D802000998CCB /* EnglishSkillViewController.swift in Sources */ = {isa = PBXBuildFile; fileRef = 6E768216238D802000998CCB /* EnglishSkillViewController.swift */; };
		6E768219238D803400998CCB /* OtherLangageSkillViewController.swift in Sources */ = {isa = PBXBuildFile; fileRef = 6E768218238D803400998CCB /* OtherLangageSkillViewController.swift */; };
		6E76821B238D886B00998CCB /* ImplicationSkillViewController.swift in Sources */ = {isa = PBXBuildFile; fileRef = 6E76821A238D886A00998CCB /* ImplicationSkillViewController.swift */; };
		6E9F9FC32382F4C000034FF6 /* DatabaseUtil.swift in Sources */ = {isa = PBXBuildFile; fileRef = 6E9F9FC22382F4C000034FF6 /* DatabaseUtil.swift */; };
		6E9F9FC52384040500034FF6 /* ProfilCreationViewController.swift in Sources */ = {isa = PBXBuildFile; fileRef = 6E9F9FC42384040500034FF6 /* ProfilCreationViewController.swift */; };
		6E9F9FC72384525A00034FF6 /* ArrayValues.swift in Sources */ = {isa = PBXBuildFile; fileRef = 6E9F9FC62384525A00034FF6 /* ArrayValues.swift */; };
		6E9F9FC923858F1A00034FF6 /* BilanMissionViewController.swift in Sources */ = {isa = PBXBuildFile; fileRef = 6E9F9FC823858F1A00034FF6 /* BilanMissionViewController.swift */; };
		6EA819202387F8DB00930DD2 /* logoAstek.jpg in Resources */ = {isa = PBXBuildFile; fileRef = 6EA8191F2387F8DB00930DD2 /* logoAstek.jpg */; };
		6EA8192223881E6D00930DD2 /* PerformanceEvaluationViewController.swift in Sources */ = {isa = PBXBuildFile; fileRef = 6EA8192123881E6D00930DD2 /* PerformanceEvaluationViewController.swift */; };
		6ECBD47B237D6D6B00F0E433 /* AppDelegate.swift in Sources */ = {isa = PBXBuildFile; fileRef = 6ECBD47A237D6D6B00F0E433 /* AppDelegate.swift */; };
		6ECBD47D237D6D6B00F0E433 /* SceneDelegate.swift in Sources */ = {isa = PBXBuildFile; fileRef = 6ECBD47C237D6D6B00F0E433 /* SceneDelegate.swift */; };
		6ECBD47F237D6D6B00F0E433 /* MainViewController.swift in Sources */ = {isa = PBXBuildFile; fileRef = 6ECBD47E237D6D6B00F0E433 /* MainViewController.swift */; };
		6ECBD482237D6D6B00F0E433 /* Main.storyboard in Resources */ = {isa = PBXBuildFile; fileRef = 6ECBD480237D6D6B00F0E433 /* Main.storyboard */; };
		6ECBD484237D6D6E00F0E433 /* Assets.xcassets in Resources */ = {isa = PBXBuildFile; fileRef = 6ECBD483237D6D6E00F0E433 /* Assets.xcassets */; };
		6ECBD487237D6D6E00F0E433 /* LaunchScreen.storyboard in Resources */ = {isa = PBXBuildFile; fileRef = 6ECBD485237D6D6E00F0E433 /* LaunchScreen.storyboard */; };
		6ECBD48F237D702200F0E433 /* GoogleService-Info.plist in Resources */ = {isa = PBXBuildFile; fileRef = 6ECBD48E237D702200F0E433 /* GoogleService-Info.plist */; };
		6ECBD491237DB0F200F0E433 /* InterviewViewController.swift in Sources */ = {isa = PBXBuildFile; fileRef = 6ECBD490237DB0F200F0E433 /* InterviewViewController.swift */; };
		6ECBD494237DB69F00F0E433 /* AuthenticationUtil.swift in Sources */ = {isa = PBXBuildFile; fileRef = 6ECBD493237DB69F00F0E433 /* AuthenticationUtil.swift */; };
		6ECBD496237EA62300F0E433 /* UIUtil.swift in Sources */ = {isa = PBXBuildFile; fileRef = 6ECBD495237EA62300F0E433 /* UIUtil.swift */; };
		6ECBD498237EA81200F0E433 /* StringValues.swift in Sources */ = {isa = PBXBuildFile; fileRef = 6ECBD497237EA81200F0E433 /* StringValues.swift */; };
		6ECBD49A237EE80D00F0E433 /* ManagerViewController.swift in Sources */ = {isa = PBXBuildFile; fileRef = 6ECBD499237EE80D00F0E433 /* ManagerViewController.swift */; };
		6ECBD49E237EE9CE00F0E433 /* ResetPasswordViewController.swift in Sources */ = {isa = PBXBuildFile; fileRef = 6ECBD49D237EE9CE00F0E433 /* ResetPasswordViewController.swift */; };
/* End PBXBuildFile section */

/* Begin PBXFileReference section */
		6722FB77273DE0121E5C6D25 /* Pods-Astek Entretien.debug.xcconfig */ = {isa = PBXFileReference; includeInIndex = 1; lastKnownFileType = text.xcconfig; name = "Pods-Astek Entretien.debug.xcconfig"; path = "Target Support Files/Pods-Astek Entretien/Pods-Astek Entretien.debug.xcconfig"; sourceTree = "<group>"; };
		6E15287E238E7E3F0031B43F /* SkillEvaluationViewController.swift */ = {isa = PBXFileReference; lastKnownFileType = sourcecode.swift; path = SkillEvaluationViewController.swift; sourceTree = "<group>"; };
		6E152880238EBB520031B43F /* FutureTargetEvaluationViewController.swift */ = {isa = PBXFileReference; lastKnownFileType = sourcecode.swift; path = FutureTargetEvaluationViewController.swift; sourceTree = "<group>"; };
		6E152883238EC67F0031B43F /* ShortEvolutionViewController.swift */ = {isa = PBXFileReference; lastKnownFileType = sourcecode.swift; path = ShortEvolutionViewController.swift; sourceTree = "<group>"; };
		6E152885238EC6BB0031B43F /* MediumEvolutionViewController.swift */ = {isa = PBXFileReference; lastKnownFileType = sourcecode.swift; path = MediumEvolutionViewController.swift; sourceTree = "<group>"; };
		6E152887238EC6CC0031B43F /* LongEvolutionViewController.swift */ = {isa = PBXFileReference; lastKnownFileType = sourcecode.swift; path = LongEvolutionViewController.swift; sourceTree = "<group>"; };
		6E68CB1D2386BE3E004E3B61 /* EmployeeAppreciationViewController.swift */ = {isa = PBXFileReference; lastKnownFileType = sourcecode.swift; path = EmployeeAppreciationViewController.swift; sourceTree = "<group>"; };
		6E68CB1F2386CAFD004E3B61 /* ManagerAppreciationViewController.swift */ = {isa = PBXFileReference; lastKnownFileType = sourcecode.swift; path = ManagerAppreciationViewController.swift; sourceTree = "<group>"; };
		6E68CB212386D8EC004E3B61 /* TargetEvaluationViewController.swift */ = {isa = PBXFileReference; lastKnownFileType = sourcecode.swift; path = TargetEvaluationViewController.swift; sourceTree = "<group>"; };
		6E7681FD238BCDC400998CCB /* TechnicalSkillViewController.swift */ = {isa = PBXFileReference; lastKnownFileType = sourcecode.swift; path = TechnicalSkillViewController.swift; sourceTree = "<group>"; };
		6E7681FF238C291800998CCB /* ProfessionSkillViewController.swift */ = {isa = PBXFileReference; lastKnownFileType = sourcecode.swift; path = ProfessionSkillViewController.swift; sourceTree = "<group>"; };
		6E768201238C34FF00998CCB /* FunctionalSkillViewController.swift */ = {isa = PBXFileReference; lastKnownFileType = sourcecode.swift; path = FunctionalSkillViewController.swift; sourceTree = "<group>"; };
		6E768203238D17A100998CCB /* SkillUtil.swift */ = {isa = PBXFileReference; lastKnownFileType = sourcecode.swift; path = SkillUtil.swift; sourceTree = "<group>"; };
		6E768205238D32B200998CCB /* ManagerialSkillViewController.swift */ = {isa = PBXFileReference; lastKnownFileType = sourcecode.swift; path = ManagerialSkillViewController.swift; sourceTree = "<group>"; };
		6E768208238D39FB00998CCB /* AutonomousSkillViewController.swift */ = {isa = PBXFileReference; lastKnownFileType = sourcecode.swift; path = AutonomousSkillViewController.swift; sourceTree = "<group>"; };
		6E76820A238D639B00998CCB /* AdaptabilitySkillViewController.swift */ = {isa = PBXFileReference; lastKnownFileType = sourcecode.swift; path = AdaptabilitySkillViewController.swift; sourceTree = "<group>"; };
		6E76820C238D643400998CCB /* TeamWorkViewController.swift */ = {isa = PBXFileReference; lastKnownFileType = sourcecode.swift; path = TeamWorkViewController.swift; sourceTree = "<group>"; };
		6E76820E238D644100998CCB /* CreativitySkillViewController.swift */ = {isa = PBXFileReference; lastKnownFileType = sourcecode.swift; path = CreativitySkillViewController.swift; sourceTree = "<group>"; };
		6E768210238D7F1D00998CCB /* CommunicationSkillViewController.swift */ = {isa = PBXFileReference; lastKnownFileType = sourcecode.swift; path = CommunicationSkillViewController.swift; sourceTree = "<group>"; };
		6E768212238D7F5A00998CCB /* RespectSkillViewController.swift */ = {isa = PBXFileReference; lastKnownFileType = sourcecode.swift; path = RespectSkillViewController.swift; sourceTree = "<group>"; };
		6E768214238D7FFF00998CCB /* RigourSkillViewController.swift */ = {isa = PBXFileReference; lastKnownFileType = sourcecode.swift; path = RigourSkillViewController.swift; sourceTree = "<group>"; };
		6E768216238D802000998CCB /* EnglishSkillViewController.swift */ = {isa = PBXFileReference; lastKnownFileType = sourcecode.swift; path = EnglishSkillViewController.swift; sourceTree = "<group>"; };
		6E768218238D803400998CCB /* OtherLangageSkillViewController.swift */ = {isa = PBXFileReference; lastKnownFileType = sourcecode.swift; path = OtherLangageSkillViewController.swift; sourceTree = "<group>"; };
		6E76821A238D886A00998CCB /* ImplicationSkillViewController.swift */ = {isa = PBXFileReference; lastKnownFileType = sourcecode.swift; name = ImplicationSkillViewController.swift; path = "/Users/leoguilpain/IOS Project/astek-ios/Astek Entretien/Skills/Behavioral/ImplicationSkillViewController.swift"; sourceTree = "<absolute>"; };
		6E9F9FC22382F4C000034FF6 /* DatabaseUtil.swift */ = {isa = PBXFileReference; lastKnownFileType = sourcecode.swift; path = DatabaseUtil.swift; sourceTree = "<group>"; };
		6E9F9FC42384040500034FF6 /* ProfilCreationViewController.swift */ = {isa = PBXFileReference; lastKnownFileType = sourcecode.swift; path = ProfilCreationViewController.swift; sourceTree = "<group>"; };
		6E9F9FC62384525A00034FF6 /* ArrayValues.swift */ = {isa = PBXFileReference; lastKnownFileType = sourcecode.swift; path = ArrayValues.swift; sourceTree = "<group>"; };
		6E9F9FC823858F1A00034FF6 /* BilanMissionViewController.swift */ = {isa = PBXFileReference; lastKnownFileType = sourcecode.swift; path = BilanMissionViewController.swift; sourceTree = "<group>"; };
		6EA8191F2387F8DB00930DD2 /* logoAstek.jpg */ = {isa = PBXFileReference; lastKnownFileType = image.jpeg; path = logoAstek.jpg; sourceTree = "<group>"; };
		6EA8192123881E6D00930DD2 /* PerformanceEvaluationViewController.swift */ = {isa = PBXFileReference; lastKnownFileType = sourcecode.swift; path = PerformanceEvaluationViewController.swift; sourceTree = "<group>"; };
		6ECBD477237D6D6B00F0E433 /* Astek Entretien.app */ = {isa = PBXFileReference; explicitFileType = wrapper.application; includeInIndex = 0; path = "Astek Entretien.app"; sourceTree = BUILT_PRODUCTS_DIR; };
		6ECBD47A237D6D6B00F0E433 /* AppDelegate.swift */ = {isa = PBXFileReference; lastKnownFileType = sourcecode.swift; path = AppDelegate.swift; sourceTree = "<group>"; };
		6ECBD47C237D6D6B00F0E433 /* SceneDelegate.swift */ = {isa = PBXFileReference; lastKnownFileType = sourcecode.swift; path = SceneDelegate.swift; sourceTree = "<group>"; };
		6ECBD47E237D6D6B00F0E433 /* MainViewController.swift */ = {isa = PBXFileReference; lastKnownFileType = sourcecode.swift; path = MainViewController.swift; sourceTree = "<group>"; };
		6ECBD481237D6D6B00F0E433 /* Base */ = {isa = PBXFileReference; lastKnownFileType = file.storyboard; name = Base; path = Base.lproj/Main.storyboard; sourceTree = "<group>"; };
		6ECBD483237D6D6E00F0E433 /* Assets.xcassets */ = {isa = PBXFileReference; lastKnownFileType = folder.assetcatalog; path = Assets.xcassets; sourceTree = "<group>"; };
		6ECBD486237D6D6E00F0E433 /* Base */ = {isa = PBXFileReference; lastKnownFileType = file.storyboard; name = Base; path = Base.lproj/LaunchScreen.storyboard; sourceTree = "<group>"; };
		6ECBD488237D6D6E00F0E433 /* Info.plist */ = {isa = PBXFileReference; lastKnownFileType = text.plist.xml; path = Info.plist; sourceTree = "<group>"; };
		6ECBD48E237D702200F0E433 /* GoogleService-Info.plist */ = {isa = PBXFileReference; fileEncoding = 4; lastKnownFileType = text.plist.xml; path = "GoogleService-Info.plist"; sourceTree = "<group>"; };
		6ECBD490237DB0F200F0E433 /* InterviewViewController.swift */ = {isa = PBXFileReference; lastKnownFileType = sourcecode.swift; path = InterviewViewController.swift; sourceTree = "<group>"; };
		6ECBD493237DB69F00F0E433 /* AuthenticationUtil.swift */ = {isa = PBXFileReference; lastKnownFileType = sourcecode.swift; path = AuthenticationUtil.swift; sourceTree = "<group>"; };
		6ECBD495237EA62300F0E433 /* UIUtil.swift */ = {isa = PBXFileReference; lastKnownFileType = sourcecode.swift; path = UIUtil.swift; sourceTree = "<group>"; };
		6ECBD497237EA81200F0E433 /* StringValues.swift */ = {isa = PBXFileReference; lastKnownFileType = sourcecode.swift; path = StringValues.swift; sourceTree = "<group>"; };
		6ECBD499237EE80D00F0E433 /* ManagerViewController.swift */ = {isa = PBXFileReference; lastKnownFileType = sourcecode.swift; path = ManagerViewController.swift; sourceTree = "<group>"; };
		6ECBD49D237EE9CE00F0E433 /* ResetPasswordViewController.swift */ = {isa = PBXFileReference; lastKnownFileType = sourcecode.swift; path = ResetPasswordViewController.swift; sourceTree = "<group>"; };
		8DD6EAB6DFB39584E463660C /* Pods_Astek_Entretien.framework */ = {isa = PBXFileReference; explicitFileType = wrapper.framework; includeInIndex = 0; path = Pods_Astek_Entretien.framework; sourceTree = BUILT_PRODUCTS_DIR; };
		C6B2E31AFD2BAF16BB5EF19D /* Pods-Astek Entretien.release.xcconfig */ = {isa = PBXFileReference; includeInIndex = 1; lastKnownFileType = text.xcconfig; name = "Pods-Astek Entretien.release.xcconfig"; path = "Target Support Files/Pods-Astek Entretien/Pods-Astek Entretien.release.xcconfig"; sourceTree = "<group>"; };
/* End PBXFileReference section */

/* Begin PBXFrameworksBuildPhase section */
		6ECBD474237D6D6B00F0E433 /* Frameworks */ = {
			isa = PBXFrameworksBuildPhase;
			buildActionMask = 2147483647;
			files = (
				132D805A040E8BB029207AAD /* Pods_Astek_Entretien.framework in Frameworks */,
			);
			runOnlyForDeploymentPostprocessing = 0;
		};
/* End PBXFrameworksBuildPhase section */

/* Begin PBXGroup section */
		50F69FCA852E8B454CD6E42F /* Pods */ = {
			isa = PBXGroup;
			children = (
				6722FB77273DE0121E5C6D25 /* Pods-Astek Entretien.debug.xcconfig */,
				C6B2E31AFD2BAF16BB5EF19D /* Pods-Astek Entretien.release.xcconfig */,
			);
			path = Pods;
			sourceTree = "<group>";
		};
		6E152882238EC6650031B43F /* Evolution */ = {
			isa = PBXGroup;
			children = (
				6E152883238EC67F0031B43F /* ShortEvolutionViewController.swift */,
				6E152885238EC6BB0031B43F /* MediumEvolutionViewController.swift */,
				6E152887238EC6CC0031B43F /* LongEvolutionViewController.swift */,
			);
			path = Evolution;
			sourceTree = "<group>";
		};
		6E7681FC238BCD7200998CCB /* Skills */ = {
			isa = PBXGroup;
			children = (
				6E768207238D39E200998CCB /* Behavioral */,
				6E7681FD238BCDC400998CCB /* TechnicalSkillViewController.swift */,
				6E768205238D32B200998CCB /* ManagerialSkillViewController.swift */,
				6E768216238D802000998CCB /* EnglishSkillViewController.swift */,
				6E768218238D803400998CCB /* OtherLangageSkillViewController.swift */,
				6E768201238C34FF00998CCB /* FunctionalSkillViewController.swift */,
				6E7681FF238C291800998CCB /* ProfessionSkillViewController.swift */,
			);
			path = Skills;
			sourceTree = "<group>";
		};
		6E768207238D39E200998CCB /* Behavioral */ = {
			isa = PBXGroup;
			children = (
				6E76821A238D886A00998CCB /* ImplicationSkillViewController.swift */,
				6E768208238D39FB00998CCB /* AutonomousSkillViewController.swift */,
				6E768210238D7F1D00998CCB /* CommunicationSkillViewController.swift */,
				6E76820A238D639B00998CCB /* AdaptabilitySkillViewController.swift */,
				6E768214238D7FFF00998CCB /* RigourSkillViewController.swift */,
				6E768212238D7F5A00998CCB /* RespectSkillViewController.swift */,
				6E76820C238D643400998CCB /* TeamWorkViewController.swift */,
				6E76820E238D644100998CCB /* CreativitySkillViewController.swift */,
			);
			path = Behavioral;
			sourceTree = "<group>";
		};
		6ECBD46E237D6D6B00F0E433 = {
			isa = PBXGroup;
			children = (
				6ECBD479237D6D6B00F0E433 /* Astek Entretien */,
				6ECBD478237D6D6B00F0E433 /* Products */,
				50F69FCA852E8B454CD6E42F /* Pods */,
				B17C2B8ADAEBF582BAE603E2 /* Frameworks */,
			);
			sourceTree = "<group>";
		};
		6ECBD478237D6D6B00F0E433 /* Products */ = {
			isa = PBXGroup;
			children = (
				6ECBD477237D6D6B00F0E433 /* Astek Entretien.app */,
			);
			name = Products;
			sourceTree = "<group>";
		};
		6ECBD479237D6D6B00F0E433 /* Astek Entretien */ = {
			isa = PBXGroup;
			children = (
				6EA8191F2387F8DB00930DD2 /* logoAstek.jpg */,
				6ECBD492237DB42200F0E433 /* Utils */,
				6E7681FC238BCD7200998CCB /* Skills */,
				6ECBD47A237D6D6B00F0E433 /* AppDelegate.swift */,
				6E152882238EC6650031B43F /* Evolution */,
				6ECBD47C237D6D6B00F0E433 /* SceneDelegate.swift */,
				6E9F9FC42384040500034FF6 /* ProfilCreationViewController.swift */,
				6ECBD47E237D6D6B00F0E433 /* MainViewController.swift */,
				6ECBD49D237EE9CE00F0E433 /* ResetPasswordViewController.swift */,
				6E68CB1D2386BE3E004E3B61 /* EmployeeAppreciationViewController.swift */,
				6E68CB1F2386CAFD004E3B61 /* ManagerAppreciationViewController.swift */,
				6E9F9FC823858F1A00034FF6 /* BilanMissionViewController.swift */,
				6E15287E238E7E3F0031B43F /* SkillEvaluationViewController.swift */,
				6E152880238EBB520031B43F /* FutureTargetEvaluationViewController.swift */,
				6EA8192123881E6D00930DD2 /* PerformanceEvaluationViewController.swift */,
				6E68CB212386D8EC004E3B61 /* TargetEvaluationViewController.swift */,
				6ECBD490237DB0F200F0E433 /* InterviewViewController.swift */,
				6ECBD499237EE80D00F0E433 /* ManagerViewController.swift */,
				6ECBD480237D6D6B00F0E433 /* Main.storyboard */,
				6ECBD483237D6D6E00F0E433 /* Assets.xcassets */,
				6ECBD48E237D702200F0E433 /* GoogleService-Info.plist */,
				6ECBD485237D6D6E00F0E433 /* LaunchScreen.storyboard */,
				6ECBD488237D6D6E00F0E433 /* Info.plist */,
			);
			path = "Astek Entretien";
			sourceTree = "<group>";
		};
		6ECBD492237DB42200F0E433 /* Utils */ = {
			isa = PBXGroup;
			children = (
				6ECBD493237DB69F00F0E433 /* AuthenticationUtil.swift */,
				6E768203238D17A100998CCB /* SkillUtil.swift */,
				6E9F9FC22382F4C000034FF6 /* DatabaseUtil.swift */,
				6ECBD495237EA62300F0E433 /* UIUtil.swift */,
				6ECBD497237EA81200F0E433 /* StringValues.swift */,
				6E9F9FC62384525A00034FF6 /* ArrayValues.swift */,
			);
			path = Utils;
			sourceTree = "<group>";
		};
		B17C2B8ADAEBF582BAE603E2 /* Frameworks */ = {
			isa = PBXGroup;
			children = (
				8DD6EAB6DFB39584E463660C /* Pods_Astek_Entretien.framework */,
			);
			name = Frameworks;
			sourceTree = "<group>";
		};
/* End PBXGroup section */

/* Begin PBXNativeTarget section */
		6ECBD476237D6D6B00F0E433 /* Astek Entretien */ = {
			isa = PBXNativeTarget;
			buildConfigurationList = 6ECBD48B237D6D6E00F0E433 /* Build configuration list for PBXNativeTarget "Astek Entretien" */;
			buildPhases = (
				6614D8A9B3A174FDD56AC861 /* [CP] Check Pods Manifest.lock */,
				6ECBD473237D6D6B00F0E433 /* Sources */,
				6ECBD474237D6D6B00F0E433 /* Frameworks */,
				6ECBD475237D6D6B00F0E433 /* Resources */,
				4437BF76D0F73DEC34F36094 /* [CP] Embed Pods Frameworks */,
			);
			buildRules = (
			);
			dependencies = (
			);
			name = "Astek Entretien";
			productName = "Astek Entretien";
			productReference = 6ECBD477237D6D6B00F0E433 /* Astek Entretien.app */;
			productType = "com.apple.product-type.application";
		};
/* End PBXNativeTarget section */

/* Begin PBXProject section */
		6ECBD46F237D6D6B00F0E433 /* Project object */ = {
			isa = PBXProject;
			attributes = {
				LastSwiftUpdateCheck = 1120;
				LastUpgradeCheck = 1120;
				ORGANIZATIONNAME = Astek;
				TargetAttributes = {
					6ECBD476237D6D6B00F0E433 = {
						CreatedOnToolsVersion = 11.2.1;
					};
				};
			};
			buildConfigurationList = 6ECBD472237D6D6B00F0E433 /* Build configuration list for PBXProject "Astek Entretien" */;
			compatibilityVersion = "Xcode 9.3";
			developmentRegion = en;
			hasScannedForEncodings = 0;
			knownRegions = (
				en,
				Base,
			);
			mainGroup = 6ECBD46E237D6D6B00F0E433;
			productRefGroup = 6ECBD478237D6D6B00F0E433 /* Products */;
			projectDirPath = "";
			projectRoot = "";
			targets = (
				6ECBD476237D6D6B00F0E433 /* Astek Entretien */,
			);
		};
/* End PBXProject section */

/* Begin PBXResourcesBuildPhase section */
		6ECBD475237D6D6B00F0E433 /* Resources */ = {
			isa = PBXResourcesBuildPhase;
			buildActionMask = 2147483647;
			files = (
				6ECBD487237D6D6E00F0E433 /* LaunchScreen.storyboard in Resources */,
				6ECBD48F237D702200F0E433 /* GoogleService-Info.plist in Resources */,
				6ECBD484237D6D6E00F0E433 /* Assets.xcassets in Resources */,
				6EA819202387F8DB00930DD2 /* logoAstek.jpg in Resources */,
				6ECBD482237D6D6B00F0E433 /* Main.storyboard in Resources */,
			);
			runOnlyForDeploymentPostprocessing = 0;
		};
/* End PBXResourcesBuildPhase section */

/* Begin PBXShellScriptBuildPhase section */
		4437BF76D0F73DEC34F36094 /* [CP] Embed Pods Frameworks */ = {
			isa = PBXShellScriptBuildPhase;
			buildActionMask = 2147483647;
			files = (
			);
			inputFileListPaths = (
				"${PODS_ROOT}/Target Support Files/Pods-Astek Entretien/Pods-Astek Entretien-frameworks-${CONFIGURATION}-input-files.xcfilelist",
			);
			name = "[CP] Embed Pods Frameworks";
			outputFileListPaths = (
				"${PODS_ROOT}/Target Support Files/Pods-Astek Entretien/Pods-Astek Entretien-frameworks-${CONFIGURATION}-output-files.xcfilelist",
			);
			runOnlyForDeploymentPostprocessing = 0;
			shellPath = /bin/sh;
			shellScript = "\"${PODS_ROOT}/Target Support Files/Pods-Astek Entretien/Pods-Astek Entretien-frameworks.sh\"\n";
			showEnvVarsInLog = 0;
		};
		6614D8A9B3A174FDD56AC861 /* [CP] Check Pods Manifest.lock */ = {
			isa = PBXShellScriptBuildPhase;
			buildActionMask = 2147483647;
			files = (
			);
			inputFileListPaths = (
			);
			inputPaths = (
				"${PODS_PODFILE_DIR_PATH}/Podfile.lock",
				"${PODS_ROOT}/Manifest.lock",
			);
			name = "[CP] Check Pods Manifest.lock";
			outputFileListPaths = (
			);
			outputPaths = (
				"$(DERIVED_FILE_DIR)/Pods-Astek Entretien-checkManifestLockResult.txt",
			);
			runOnlyForDeploymentPostprocessing = 0;
			shellPath = /bin/sh;
			shellScript = "diff \"${PODS_PODFILE_DIR_PATH}/Podfile.lock\" \"${PODS_ROOT}/Manifest.lock\" > /dev/null\nif [ $? != 0 ] ; then\n    # print error to STDERR\n    echo \"error: The sandbox is not in sync with the Podfile.lock. Run 'pod install' or update your CocoaPods installation.\" >&2\n    exit 1\nfi\n# This output is used by Xcode 'outputs' to avoid re-running this script phase.\necho \"SUCCESS\" > \"${SCRIPT_OUTPUT_FILE_0}\"\n";
			showEnvVarsInLog = 0;
		};
/* End PBXShellScriptBuildPhase section */

/* Begin PBXSourcesBuildPhase section */
		6ECBD473237D6D6B00F0E433 /* Sources */ = {
			isa = PBXSourcesBuildPhase;
			buildActionMask = 2147483647;
			files = (
				6ECBD49A237EE80D00F0E433 /* ManagerViewController.swift in Sources */,
				6E15287F238E7E3F0031B43F /* SkillEvaluationViewController.swift in Sources */,
				6ECBD491237DB0F200F0E433 /* InterviewViewController.swift in Sources */,
				6E768202238C34FF00998CCB /* FunctionalSkillViewController.swift in Sources */,
				6ECBD47F237D6D6B00F0E433 /* MainViewController.swift in Sources */,
				6E76820D238D643400998CCB /* TeamWorkViewController.swift in Sources */,
				6ECBD47B237D6D6B00F0E433 /* AppDelegate.swift in Sources */,
				6E768211238D7F1D00998CCB /* CommunicationSkillViewController.swift in Sources */,
				6E768206238D32B200998CCB /* ManagerialSkillViewController.swift in Sources */,
				6E768217238D802000998CCB /* EnglishSkillViewController.swift in Sources */,
				6E768209238D39FB00998CCB /* AutonomousSkillViewController.swift in Sources */,
				6E152886238EC6BB0031B43F /* MediumEvolutionViewController.swift in Sources */,
				6E768204238D17A100998CCB /* SkillUtil.swift in Sources */,
				6ECBD496237EA62300F0E433 /* UIUtil.swift in Sources */,
				6E768215238D7FFF00998CCB /* RigourSkillViewController.swift in Sources */,
				6E9F9FC52384040500034FF6 /* ProfilCreationViewController.swift in Sources */,
				6E9F9FC32382F4C000034FF6 /* DatabaseUtil.swift in Sources */,
				6E76820F238D644100998CCB /* CreativitySkillViewController.swift in Sources */,
				6E68CB1E2386BE3E004E3B61 /* EmployeeAppreciationViewController.swift in Sources */,
				6E152884238EC67F0031B43F /* ShortEvolutionViewController.swift in Sources */,
				6ECBD47D237D6D6B00F0E433 /* SceneDelegate.swift in Sources */,
				6E9F9FC923858F1A00034FF6 /* BilanMissionViewController.swift in Sources */,
				6ECBD49E237EE9CE00F0E433 /* ResetPasswordViewController.swift in Sources */,
				6ECBD494237DB69F00F0E433 /* AuthenticationUtil.swift in Sources */,
				6E7681FE238BCDC400998CCB /* TechnicalSkillViewController.swift in Sources */,
				6E76821B238D886B00998CCB /* ImplicationSkillViewController.swift in Sources */,
				6ECBD498237EA81200F0E433 /* StringValues.swift in Sources */,
				6E768200238C291800998CCB /* ProfessionSkillViewController.swift in Sources */,
				6E768213238D7F5A00998CCB /* RespectSkillViewController.swift in Sources */,
				6E68CB222386D8EC004E3B61 /* TargetEvaluationViewController.swift in Sources */,
				6E152888238EC6CC0031B43F /* LongEvolutionViewController.swift in Sources */,
				6E768219238D803400998CCB /* OtherLangageSkillViewController.swift in Sources */,
				6E9F9FC72384525A00034FF6 /* ArrayValues.swift in Sources */,
				6E68CB202386CAFD004E3B61 /* ManagerAppreciationViewController.swift in Sources */,
				6E76820B238D639B00998CCB /* AdaptabilitySkillViewController.swift in Sources */,
				6E152881238EBB520031B43F /* FutureTargetEvaluationViewController.swift in Sources */,
				6EA8192223881E6D00930DD2 /* PerformanceEvaluationViewController.swift in Sources */,
			);
			runOnlyForDeploymentPostprocessing = 0;
		};
/* End PBXSourcesBuildPhase section */

/* Begin PBXVariantGroup section */
		6ECBD480237D6D6B00F0E433 /* Main.storyboard */ = {
			isa = PBXVariantGroup;
			children = (
				6ECBD481237D6D6B00F0E433 /* Base */,
			);
			name = Main.storyboard;
			sourceTree = "<group>";
		};
		6ECBD485237D6D6E00F0E433 /* LaunchScreen.storyboard */ = {
			isa = PBXVariantGroup;
			children = (
				6ECBD486237D6D6E00F0E433 /* Base */,
			);
			name = LaunchScreen.storyboard;
			sourceTree = "<group>";
		};
/* End PBXVariantGroup section */

/* Begin XCBuildConfiguration section */
		6ECBD489237D6D6E00F0E433 /* Debug */ = {
			isa = XCBuildConfiguration;
			buildSettings = {
				ALWAYS_SEARCH_USER_PATHS = NO;
				CLANG_ANALYZER_NONNULL = YES;
				CLANG_ANALYZER_NUMBER_OBJECT_CONVERSION = YES_AGGRESSIVE;
				CLANG_CXX_LANGUAGE_STANDARD = "gnu++14";
				CLANG_CXX_LIBRARY = "libc++";
				CLANG_ENABLE_MODULES = YES;
				CLANG_ENABLE_OBJC_ARC = YES;
				CLANG_ENABLE_OBJC_WEAK = YES;
				CLANG_WARN_BLOCK_CAPTURE_AUTORELEASING = YES;
				CLANG_WARN_BOOL_CONVERSION = YES;
				CLANG_WARN_COMMA = YES;
				CLANG_WARN_CONSTANT_CONVERSION = YES;
				CLANG_WARN_DEPRECATED_OBJC_IMPLEMENTATIONS = YES;
				CLANG_WARN_DIRECT_OBJC_ISA_USAGE = YES_ERROR;
				CLANG_WARN_DOCUMENTATION_COMMENTS = YES;
				CLANG_WARN_EMPTY_BODY = YES;
				CLANG_WARN_ENUM_CONVERSION = YES;
				CLANG_WARN_INFINITE_RECURSION = YES;
				CLANG_WARN_INT_CONVERSION = YES;
				CLANG_WARN_NON_LITERAL_NULL_CONVERSION = YES;
				CLANG_WARN_OBJC_IMPLICIT_RETAIN_SELF = YES;
				CLANG_WARN_OBJC_LITERAL_CONVERSION = YES;
				CLANG_WARN_OBJC_ROOT_CLASS = YES_ERROR;
				CLANG_WARN_RANGE_LOOP_ANALYSIS = YES;
				CLANG_WARN_STRICT_PROTOTYPES = YES;
				CLANG_WARN_SUSPICIOUS_MOVE = YES;
				CLANG_WARN_UNGUARDED_AVAILABILITY = YES_AGGRESSIVE;
				CLANG_WARN_UNREACHABLE_CODE = YES;
				CLANG_WARN__DUPLICATE_METHOD_MATCH = YES;
				COPY_PHASE_STRIP = NO;
				DEBUG_INFORMATION_FORMAT = dwarf;
				ENABLE_STRICT_OBJC_MSGSEND = YES;
				ENABLE_TESTABILITY = YES;
				GCC_C_LANGUAGE_STANDARD = gnu11;
				GCC_DYNAMIC_NO_PIC = NO;
				GCC_NO_COMMON_BLOCKS = YES;
				GCC_OPTIMIZATION_LEVEL = 0;
				GCC_PREPROCESSOR_DEFINITIONS = (
					"DEBUG=1",
					"$(inherited)",
				);
				GCC_WARN_64_TO_32_BIT_CONVERSION = YES;
				GCC_WARN_ABOUT_RETURN_TYPE = YES_ERROR;
				GCC_WARN_UNDECLARED_SELECTOR = YES;
				GCC_WARN_UNINITIALIZED_AUTOS = YES_AGGRESSIVE;
				GCC_WARN_UNUSED_FUNCTION = YES;
				GCC_WARN_UNUSED_VARIABLE = YES;
				IPHONEOS_DEPLOYMENT_TARGET = 13.2;
				MTL_ENABLE_DEBUG_INFO = INCLUDE_SOURCE;
				MTL_FAST_MATH = YES;
				ONLY_ACTIVE_ARCH = YES;
				SDKROOT = iphoneos;
				SWIFT_ACTIVE_COMPILATION_CONDITIONS = DEBUG;
				SWIFT_OPTIMIZATION_LEVEL = "-Onone";
			};
			name = Debug;
		};
		6ECBD48A237D6D6E00F0E433 /* Release */ = {
			isa = XCBuildConfiguration;
			buildSettings = {
				ALWAYS_SEARCH_USER_PATHS = NO;
				CLANG_ANALYZER_NONNULL = YES;
				CLANG_ANALYZER_NUMBER_OBJECT_CONVERSION = YES_AGGRESSIVE;
				CLANG_CXX_LANGUAGE_STANDARD = "gnu++14";
				CLANG_CXX_LIBRARY = "libc++";
				CLANG_ENABLE_MODULES = YES;
				CLANG_ENABLE_OBJC_ARC = YES;
				CLANG_ENABLE_OBJC_WEAK = YES;
				CLANG_WARN_BLOCK_CAPTURE_AUTORELEASING = YES;
				CLANG_WARN_BOOL_CONVERSION = YES;
				CLANG_WARN_COMMA = YES;
				CLANG_WARN_CONSTANT_CONVERSION = YES;
				CLANG_WARN_DEPRECATED_OBJC_IMPLEMENTATIONS = YES;
				CLANG_WARN_DIRECT_OBJC_ISA_USAGE = YES_ERROR;
				CLANG_WARN_DOCUMENTATION_COMMENTS = YES;
				CLANG_WARN_EMPTY_BODY = YES;
				CLANG_WARN_ENUM_CONVERSION = YES;
				CLANG_WARN_INFINITE_RECURSION = YES;
				CLANG_WARN_INT_CONVERSION = YES;
				CLANG_WARN_NON_LITERAL_NULL_CONVERSION = YES;
				CLANG_WARN_OBJC_IMPLICIT_RETAIN_SELF = YES;
				CLANG_WARN_OBJC_LITERAL_CONVERSION = YES;
				CLANG_WARN_OBJC_ROOT_CLASS = YES_ERROR;
				CLANG_WARN_RANGE_LOOP_ANALYSIS = YES;
				CLANG_WARN_STRICT_PROTOTYPES = YES;
				CLANG_WARN_SUSPICIOUS_MOVE = YES;
				CLANG_WARN_UNGUARDED_AVAILABILITY = YES_AGGRESSIVE;
				CLANG_WARN_UNREACHABLE_CODE = YES;
				CLANG_WARN__DUPLICATE_METHOD_MATCH = YES;
				COPY_PHASE_STRIP = NO;
				DEBUG_INFORMATION_FORMAT = "dwarf-with-dsym";
				ENABLE_NS_ASSERTIONS = NO;
				ENABLE_STRICT_OBJC_MSGSEND = YES;
				GCC_C_LANGUAGE_STANDARD = gnu11;
				GCC_NO_COMMON_BLOCKS = YES;
				GCC_WARN_64_TO_32_BIT_CONVERSION = YES;
				GCC_WARN_ABOUT_RETURN_TYPE = YES_ERROR;
				GCC_WARN_UNDECLARED_SELECTOR = YES;
				GCC_WARN_UNINITIALIZED_AUTOS = YES_AGGRESSIVE;
				GCC_WARN_UNUSED_FUNCTION = YES;
				GCC_WARN_UNUSED_VARIABLE = YES;
				IPHONEOS_DEPLOYMENT_TARGET = 13.2;
				MTL_ENABLE_DEBUG_INFO = NO;
				MTL_FAST_MATH = YES;
				SDKROOT = iphoneos;
				SWIFT_COMPILATION_MODE = wholemodule;
				SWIFT_OPTIMIZATION_LEVEL = "-O";
				VALIDATE_PRODUCT = YES;
			};
			name = Release;
		};
		6ECBD48C237D6D6E00F0E433 /* Debug */ = {
			isa = XCBuildConfiguration;
			baseConfigurationReference = 6722FB77273DE0121E5C6D25 /* Pods-Astek Entretien.debug.xcconfig */;
			buildSettings = {
				ASSETCATALOG_COMPILER_APPICON_NAME = AppIcon;
				CODE_SIGN_STYLE = Automatic;
				DEVELOPMENT_TEAM = 6Z2M23HCQW;
				INFOPLIST_FILE = "Astek Entretien/Info.plist";
				LD_RUNPATH_SEARCH_PATHS = (
					"$(inherited)",
					"@executable_path/Frameworks",
				);
				PRODUCT_BUNDLE_IDENTIFIER = "com.astek.Astek-Entretien";
				PRODUCT_NAME = "$(TARGET_NAME)";
				SWIFT_VERSION = 5.0;
				TARGETED_DEVICE_FAMILY = "1,2";
			};
			name = Debug;
		};
		6ECBD48D237D6D6E00F0E433 /* Release */ = {
			isa = XCBuildConfiguration;
			baseConfigurationReference = C6B2E31AFD2BAF16BB5EF19D /* Pods-Astek Entretien.release.xcconfig */;
			buildSettings = {
				ASSETCATALOG_COMPILER_APPICON_NAME = AppIcon;
				CODE_SIGN_STYLE = Automatic;
				DEVELOPMENT_TEAM = 6Z2M23HCQW;
				INFOPLIST_FILE = "Astek Entretien/Info.plist";
				LD_RUNPATH_SEARCH_PATHS = (
					"$(inherited)",
					"@executable_path/Frameworks",
				);
				PRODUCT_BUNDLE_IDENTIFIER = "com.astek.Astek-Entretien";
				PRODUCT_NAME = "$(TARGET_NAME)";
				SWIFT_VERSION = 5.0;
				TARGETED_DEVICE_FAMILY = "1,2";
			};
			name = Release;
		};
/* End XCBuildConfiguration section */

/* Begin XCConfigurationList section */
		6ECBD472237D6D6B00F0E433 /* Build configuration list for PBXProject "Astek Entretien" */ = {
			isa = XCConfigurationList;
			buildConfigurations = (
				6ECBD489237D6D6E00F0E433 /* Debug */,
				6ECBD48A237D6D6E00F0E433 /* Release */,
			);
			defaultConfigurationIsVisible = 0;
			defaultConfigurationName = Release;
		};
		6ECBD48B237D6D6E00F0E433 /* Build configuration list for PBXNativeTarget "Astek Entretien" */ = {
			isa = XCConfigurationList;
			buildConfigurations = (
				6ECBD48C237D6D6E00F0E433 /* Debug */,
				6ECBD48D237D6D6E00F0E433 /* Release */,
			);
			defaultConfigurationIsVisible = 0;
			defaultConfigurationName = Release;
		};
/* End XCConfigurationList section */
	};
	rootObject = 6ECBD46F237D6D6B00F0E433 /* Project object */;
}
